# This file is automatically @generated by Cargo.
# It is not intended for manual editing.
version = 4

[[package]]
name = "lazy_static"
version = "1.5.0"
source = "registry+https://github.com/rust-lang/crates.io-index"
checksum = "bbd2bcb4c963f2ddae06a2efc7e9f3591312473c50c6685e1f298068316e66fe"

[[package]]
name = "libc-nnsdk"
version = "0.5.0"
source = "registry+https://github.com/rust-lang/crates.io-index"
checksum = "1256a11d163c7288d94909f8120ede53294d8c233df314b0e4f01cf0269707da"

[[package]]
name = "nnsdk"
version = "0.6.1"
source = "registry+https://github.com/rust-lang/crates.io-index"
checksum = "27692267bad39aba64dd4549de1ec63a22e41b6dd6b5ec99c7bf6dba175a14bd"
dependencies = [
 "libc-nnsdk",
]

[[package]]
name = "proc-macro2"
version = "1.0.107"
source = "registry+https://github.com/rust-lang/crates.io-index"
checksum = "985e7ec9bb745e6ce6535b544d84d6cd6f7ad8bd711c398938ae983b91a766d9"
dependencies = [
 "unicode-ident",
]

[[package]]
name = "quote"
version = "1.0.47"
source = "registry+https://github.com/rust-lang/crates.io-index"
checksum = "1fbf4db142a473a8d80c26bbf18454ed458bf8d26c8219c331daecfdbd079001"
dependencies = [
 "proc-macro2",
]

[[package]]
name = "skyline"
version = "0.6.0"
source = "registry+https://github.com/rust-lang/crates.io-index"
checksum = "7b4c2c28cda0d198befe59479c593537fc306cabb61d32a9428fcd2725df35c6"
dependencies = [
 "libc-nnsdk",
 "nnsdk",
 "skyline_macro",
]

[[package]]
name = "skyline_macro"
version = "0.2.1"
source = "registry+https://github.com/rust-lang/crates.io-index"
checksum = "9c6ce616cf990bbff33e6dfdf47bfc0add2e5fca5ba3dbefda64c92bd9fc8068"
dependencies = [
 "lazy_static",
 "proc-macro2",
 "quote",
 "syn",
]

[[package]]
name = "ssbu-quickplay-team-attack"
version = "0.3.0"
dependencies = [
 "skyline",
]

[[package]]
name = "syn"
version = "1.0.109"
source = "registry+https://github.com/rust-lang/crates.io-index"
checksum = "72b64191b275b66ffe2469e8af2c1cfe3bafa67b529ead792a6d0160888b4237"
dependencies = [
 "proc-macro2",
 "quote",
 "unicode-ident",
]

[[package]]
name = "unicode-ident"
version = "1.0.24"
source = "registry+https://github.com/rust-lang/crates.io-index"
checksum = "e6e4313cd5fcd3dad5cafa179702e2b244f760991f45397d14d4ebf38247da75"
